version: 6
environments:
  default:
    channels:
    - url: https://prefix.dev/brads-forge/
    - url: https://conda.anaconda.org/conda-forge/
    options:
      pypi-prerelease-mode: if-necessary-or-explicit
    packages:
      linux-64:
      - conda: https://conda.anaconda.org/conda-forge/linux-64/_go_select-2.3.0-cgo.tar.bz2
      - conda: https://conda.anaconda.org/conda-forge/linux-64/_libgcc_mutex-0.1-conda_forge.tar.bz2
      - conda: https://conda.anaconda.org/conda-forge/linux-64/_openmp_mutex-4.5-2_gnu.tar.bz2
      - conda: https://conda.anaconda.org/conda-forge/noarch/ca-certificates-2025.11.12-hbd8a1cb_0.conda
      - conda: https://prefix.dev/brads-forge/linux-64/cocogitto-6.5.0-h81b34b9_2.conda
      - conda: https://prefix.dev/brads-forge/linux-64/deno-2.6.0-h81b34b9_3.conda
      - conda: https://prefix.dev/brads-forge/linux-64/dprint-0.50.2-h81b34b9_2.conda
      - conda: https://conda.anaconda.org/conda-forge/linux-64/gh-2.83.2-h76a2195_0.conda
      - conda: https://conda.anaconda.org/conda-forge/linux-64/go-1.25.5-h282a287_0.conda
      - conda: https://prefix.dev/brads-forge/linux-64/lefthook-2.0.12-h81b34b9_2.conda
      - conda: https://conda.anaconda.org/conda-forge/linux-64/libgcc-15.2.0-he0feb66_16.conda
      - conda: https://conda.anaconda.org/conda-forge/linux-64/libgfortran-15.2.0-h69a702a_16.conda
      - conda: https://conda.anaconda.org/conda-forge/linux-64/libgfortran5-15.2.0-h68bc16d_16.conda
      - conda: https://conda.anaconda.org/conda-forge/linux-64/libgomp-15.2.0-he0feb66_16.conda
      - conda: https://conda.anaconda.org/conda-forge/linux-64/libstdcxx-15.2.0-h934c35e_16.conda
      - conda: https://conda.anaconda.org/conda-forge/linux-64/openssl-3.6.0-h26f9b46_0.conda
      - conda: https://conda.anaconda.org/conda-forge/linux-64/pixi-pack-0.7.5-he64ecbb_0.conda
      - conda: https://prefix.dev/brads-forge/linux-64/task-3.45.5-h81b34b9_2.conda
      osx-64:
      - conda: https://conda.anaconda.org/conda-forge/osx-64/_go_select-2.3.0-cgo.tar.bz2
      - conda: https://conda.anaconda.org/conda-forge/osx-64/_openmp_mutex-4.5-7_kmp_llvm.conda
      - conda: https://conda.anaconda.org/conda-forge/noarch/ca-certificates-2025.11.12-hbd8a1cb_0.conda
      - conda: https://prefix.dev/brads-forge/osx-64/cocogitto-6.5.0-he0f4bc8_2.conda
      - conda: https://prefix.dev/brads-forge/osx-64/deno-2.6.0-he0f4bc8_3.conda
      - conda: https://prefix.dev/brads-forge/osx-64/dprint-0.50.2-he0f4bc8_2.conda
      - conda: https://conda.anaconda.org/conda-forge/osx-64/gh-2.83.2-hfb6d0b5_0.conda
      - conda: https://conda.anaconda.org/conda-forge/osx-64/go-1.25.5-h8227ba6_0.conda
      - conda: https://prefix.dev/brads-forge/osx-64/lefthook-2.0.11-he0f4bc8_2.conda
      - conda: https://conda.anaconda.org/conda-forge/osx-64/libcxx-21.1.7-h3d58e20_0.conda
      - conda: https://conda.anaconda.org/conda-forge/osx-64/libgcc-15.2.0-h08519bb_15.conda
      - conda: https://conda.anaconda.org/conda-forge/osx-64/libgfortran-15.2.0-h7e5c614_15.conda
      - conda: https://conda.anaconda.org/conda-forge/osx-64/libgfortran5-15.2.0-hd16e46c_15.conda
      - conda: https://conda.anaconda.org/conda-forge/osx-64/llvm-openmp-21.1.7-h472b3d1_0.conda
      - conda: https://conda.anaconda.org/conda-forge/osx-64/openssl-3.6.0-h230baf5_0.conda
      - conda: https://conda.anaconda.org/conda-forge/osx-64/pixi-pack-0.7.5-hc2f27db_0.conda
      - conda: https://prefix.dev/brads-forge/osx-64/task-3.45.5-he0f4bc8_2.conda
      osx-arm64:
      - conda: https://conda.anaconda.org/conda-forge/osx-arm64/_go_select-2.3.0-cgo.tar.bz2
      - conda: https://conda.anaconda.org/conda-forge/osx-arm64/_openmp_mutex-4.5-7_kmp_llvm.conda
      - conda: https://conda.anaconda.org/conda-forge/noarch/ca-certificates-2025.11.12-hbd8a1cb_0.conda
      - conda: https://prefix.dev/brads-forge/osx-arm64/cocogitto-6.5.0-he8ea13f_2.conda
      - conda: https://prefix.dev/brads-forge/osx-arm64/deno-2.6.0-he8ea13f_3.conda
      - conda: https://prefix.dev/brads-forge/osx-arm64/dprint-0.50.2-he8ea13f_2.conda
      - conda: https://conda.anaconda.org/conda-forge/osx-arm64/gh-2.83.2-h4e0460a_0.conda
      - conda: https://conda.anaconda.org/conda-forge/osx-arm64/go-1.25.5-h56ed88c_0.conda
      - conda: https://prefix.dev/brads-forge/osx-arm64/lefthook-2.0.12-he8ea13f_2.conda
      - conda: https://conda.anaconda.org/conda-forge/osx-arm64/libcxx-21.1.7-hf598326_0.conda
      - conda: https://conda.anaconda.org/conda-forge/osx-arm64/libgcc-15.2.0-hcbb3090_16.conda
      - conda: https://conda.anaconda.org/conda-forge/osx-arm64/libgfortran-15.2.0-h07b0088_16.conda
      - conda: https://conda.anaconda.org/conda-forge/osx-arm64/libgfortran5-15.2.0-hdae7583_16.conda
      - conda: https://conda.anaconda.org/conda-forge/osx-arm64/llvm-openmp-21.1.7-h4a912ad_0.conda
      - conda: https://conda.anaconda.org/conda-forge/osx-arm64/openssl-3.6.0-h5503f6c_0.conda
      - conda: https://conda.anaconda.org/conda-forge/osx-arm64/pixi-pack-0.7.5-h9a5e2f5_0.conda
      - conda: https://prefix.dev/brads-forge/osx-arm64/task-3.45.5-he8ea13f_2.conda
      win-64:
      - conda: https://conda.anaconda.org/conda-forge/win-64/_go_select-2.3.0-cgo.tar.bz2
      - conda: https://conda.anaconda.org/conda-forge/win-64/_openmp_mutex-4.5-2_gnu.conda
      - conda: https://prefix.dev/brads-forge/win-64/cocogitto-6.5.0-h3c70cbc_2.conda
      - conda: https://prefix.dev/brads-forge/win-64/deno-2.6.0-h3c70cbc_3.conda
      - conda: https://prefix.dev/brads-forge/win-64/dprint-0.50.2-h3c70cbc_2.conda
      - conda: https://conda.anaconda.org/conda-forge/win-64/gh-2.83.2-h36e2d1d_0.conda
      - conda: https://conda.anaconda.org/conda-forge/win-64/go-1.25.5-h59133dd_0.conda
      - conda: https://prefix.dev/brads-forge/win-64/lefthook-2.0.12-h3c70cbc_2.conda
      - conda: https://conda.anaconda.org/conda-forge/win-64/libgcc-15.2.0-h8ee18e1_16.conda
      - conda: https://conda.anaconda.org/conda-forge/win-64/libgfortran-15.2.0-h719f0c7_16.conda
      - conda: https://conda.anaconda.org/conda-forge/win-64/libgfortran5-15.2.0-h44d81a7_16.conda
      - conda: https://conda.anaconda.org/conda-forge/win-64/libgomp-15.2.0-h8ee18e1_16.conda
      - conda: https://conda.anaconda.org/conda-forge/win-64/libstdcxx-15.2.0-hae5796f_16.conda
      - conda: https://conda.anaconda.org/conda-forge/win-64/libwinpthread-12.0.0.r4.gg4f2fc60ca-h57928b3_10.conda
      - conda: https://conda.anaconda.org/conda-forge/win-64/pixi-pack-0.7.5-h18a1a76_0.conda
      - conda: https://prefix.dev/brads-forge/win-64/task-3.45.5-h3c70cbc_2.conda
      - conda: https://conda.anaconda.org/conda-forge/win-64/ucrt-10.0.26100.0-h57928b3_0.conda
      - conda: https://conda.anaconda.org/conda-forge/win-64/vc-14.3-h2b53caa_33.conda
      - conda: https://conda.anaconda.org/conda-forge/win-64/vc14_runtime-14.44.35208-h818238b_33.conda
      - conda: https://conda.anaconda.org/conda-forge/win-64/vcomp14-14.44.35208-h818238b_33.conda
packages:
- conda: https://conda.anaconda.org/conda-forge/linux-64/_go_select-2.3.0-cgo.tar.bz2
  sha256: d86836d4f3094b4ac149dcdc55f1f12be6e84ed1206a4234404a024e49769832
  md5: 76f94c0e00d08432e003a7b54a1adf53
  license: BSD-3-Clause
  license_family: BSD
  size: 4875
  timestamp: 1586504607438
- conda: https://conda.anaconda.org/conda-forge/osx-64/_go_select-2.3.0-cgo.tar.bz2
  sha256: faf9b29f369ccf41da3998b00945e56daa331d01a8ffe7832e45651db0716028
  md5: 4c1913031a736507963a5fb938cefe85
  license: BSD-3-Clause
  license_family: BSD
  size: 4770
  timestamp: 1586504733574
- conda: https://conda.anaconda.org/conda-forge/osx-arm64/_go_select-2.3.0-cgo.tar.bz2
  sha256: 5cd5dd9817d0d671ad3e2f85c967b4dcd1a297a686b7d5820e625e2f4f962558
  md5: 79a39651abfce773c2948175d9b62986
  license: BSD-3-Clause
  license_family: BSD
  size: 5074
  timestamp: 1627073534014
- conda: https://conda.anaconda.org/conda-forge/win-64/_go_select-2.3.0-cgo.tar.bz2
  sha256: a54dfd3f55478ff1990346e56aeb21c272009a94251006bc57e9655f7959c2d2
  md5: ac9d4716aba72e6306745aaee8de14d7
  license: BSD-3-Clause
  license_family: BSD
  size: 4818
  timestamp: 1586504745340
- conda: https://conda.anaconda.org/conda-forge/linux-64/_libgcc_mutex-0.1-conda_forge.tar.bz2
  sha256: fe51de6107f9edc7aa4f786a70f4a883943bc9d39b3bb7307c04c41410990726
  md5: d7c89558ba9fa0495403155b64376d81
  license: None
  size: 2562
  timestamp: 1578324546067
- conda: https://conda.anaconda.org/conda-forge/linux-64/_openmp_mutex-4.5-2_gnu.tar.bz2
  build_number: 16
  sha256: fbe2c5e56a653bebb982eda4876a9178aedfc2b545f25d0ce9c4c0b508253d22
  md5: 73aaf86a425cc6e73fcf236a5a46396d
  depends:
  - _libgcc_mutex 0.1 conda_forge
  - libgomp >=7.5.0
  constrains:
  - openmp_impl 9999
  license: BSD-3-Clause
  license_family: BSD
  size: 23621
  timestamp: 1650670423406
- conda: https://conda.anaconda.org/conda-forge/osx-64/_openmp_mutex-4.5-7_kmp_llvm.conda
  build_number: 7
  sha256: 30006902a9274de8abdad5a9f02ef7c8bb3d69a503486af0c1faee30b023e5b7
  md5: eaac87c21aff3ed21ad9656697bb8326
  depends:
  - llvm-openmp >=9.0.1
  license: BSD-3-Clause
  license_family: BSD
  size: 8328
  timestamp: 1764092562779
- conda: https://conda.anaconda.org/conda-forge/osx-arm64/_openmp_mutex-4.5-7_kmp_llvm.conda
  build_number: 7
  sha256: 7acaa2e0782cad032bdaf756b536874346ac1375745fb250e9bdd6a48a7ab3cd
  md5: a44032f282e7d2acdeb1c240308052dd
  depends:
  - llvm-openmp >=9.0.1
  license: BSD-3-Clause
  license_family: BSD
  size: 8325
  timestamp: 1764092507920
- conda: https://conda.anaconda.org/conda-forge/win-64/_openmp_mutex-4.5-2_gnu.conda
  build_number: 8
  sha256: 1a62cd1f215fe0902e7004089693a78347a30ad687781dfda2289cab000e652d
  md5: 37e16618af5c4851a3f3d66dd0e11141
  depends:
  - libgomp >=7.5.0
  - libwinpthread >=12.0.0.r2.ggc561118da
  constrains:
  - openmp_impl 9999
  - msys2-conda-epoch <0.0a0
  license: BSD-3-Clause
  license_family: BSD
  size: 49468
  timestamp: 1718213032772
- conda: https://conda.anaconda.org/conda-forge/noarch/ca-certificates-2025.11.12-hbd8a1cb_0.conda
  sha256: b986ba796d42c9d3265602bc038f6f5264095702dd546c14bc684e60c385e773
  md5: f0991f0f84902f6b6009b4d2350a83aa
  depends:
  - __unix
  license: ISC
  size: 152432
  timestamp: 1762967197890
- conda: https://prefix.dev/brads-forge/linux-64/cocogitto-6.5.0-h81b34b9_2.conda
  sha256: fc4819a47c63c2ac5f11ec496cb5584fe56e03ed707edb5b1429fec91d9b2797
  license: MIT
  size: 2921856
  timestamp: 1762142471162
- conda: https://prefix.dev/brads-forge/osx-64/cocogitto-6.5.0-he0f4bc8_2.conda
  sha256: d58974ca50c6dac6ac18cf0dcf2cd6c6aa8144e960d65b86a830a5e2088bddde
  license: MIT
  size: 2603709
  timestamp: 1762142504235
- conda: https://prefix.dev/brads-forge/osx-arm64/cocogitto-6.5.0-he8ea13f_2.conda
  sha256: 750b01eb5844ea76b047fdb03751b988a4d4273e10500f3fd746ce3eea1a4471
  license: MIT
  size: 2450393
  timestamp: 1762142470901
- conda: https://prefix.dev/brads-forge/win-64/cocogitto-6.5.0-h3c70cbc_2.conda
  sha256: f2601cd8e187c6fdba02ac259f6db976e954a3e52036651ea488f124818b2576
  license: MIT
  size: 2704361
  timestamp: 1762142477794
- conda: https://prefix.dev/brads-forge/linux-64/deno-2.6.0-h81b34b9_3.conda
  sha256: 8564615e0a55d738f1ffb65ab8ea8195b8375282ae31482645bcd0e2a1059e25
  license: MIT
  size: 40201437
  timestamp: 1765598361850
- conda: https://prefix.dev/brads-forge/osx-64/deno-2.6.0-he0f4bc8_3.conda
  sha256: 953da4d1cd78aca66a3321fa5d9bf3e54823c5ef0689e453381b425d1e758a57
  license: MIT
  size: 38205372
  timestamp: 1765516773289
- conda: https://prefix.dev/brads-forge/osx-arm64/deno-2.6.0-he8ea13f_3.conda
  sha256: 96c0d9720b2e58f6a487a17a6db39891edf7f3d4753bb7c624c0cd511f9b0c2d
  license: MIT
  size: 37122313
  timestamp: 1765516765960
- conda: https://prefix.dev/brads-forge/win-64/deno-2.6.0-h3c70cbc_3.conda
  sha256: cb0b742e760f8cb97962b6e81d46e79f939a202960729976c79549458c2658f4
  license: MIT
  size: 40612383
  timestamp: 1765712864537
- conda: https://prefix.dev/brads-forge/linux-64/dprint-0.50.2-h81b34b9_2.conda
  sha256: 06497a9067e51a5e9ca80a5d7aba43352955ed3891a461919559e7d4f97f714d
  license: MIT
  size: 7400987
  timestamp: 1757821626110
- conda: https://prefix.dev/brads-forge/osx-64/dprint-0.50.2-he0f4bc8_2.conda
  sha256: 42e16fb862721200fe94d3688d5c35e5c8619c3cc5daa66d97e05ab5e00d5400
  license: MIT
  size: 6960452
  timestamp: 1757821628082
- conda: https://prefix.dev/brads-forge/osx-arm64/dprint-0.50.2-he8ea13f_2.conda
  sha256: 61d2e05909410755177d7e41bb53f8de3bee4fb6f9d84fef4c7ae15ef6b74d2b
  license: MIT
  size: 6731129
  timestamp: 1757821623633
- conda: https://prefix.dev/brads-forge/win-64/dprint-0.50.2-h3c70cbc_2.conda
  sha256: 73651f0d73505a3a9b23de156473a22b92186a98188fb1e913a1f0a3c36c81d4
  license: MIT
  size: 6675355
  timestamp: 1757821640540
- conda: https://conda.anaconda.org/conda-forge/linux-64/gh-2.83.2-h76a2195_0.conda
  sha256: eca2da271f94e60b4b2b260407b6df43c0e35dc2fcbc8221002c3fd77b037d2c
  md5: c937a785a4343ff6fefe99645834b53c
  depends:
  - __glibc >=2.17,<3.0.a0
  license: Apache-2.0
  license_family: APACHE
  size: 30086156
  timestamp: 1765403690550
- conda: https://conda.anaconda.org/conda-forge/osx-64/gh-2.83.2-hfb6d0b5_0.conda
  sha256: 99e8b21b980dd8232916a1e8650235d0bd0e0f5653f4286030e7049fe1488bd2
  md5: 799f9fc04e53a3d38ce12f31df45b532
  depends:
  - __osx >=10.13
  constrains:
  - __osx>=10.12
  license: Apache-2.0
  license_family: APACHE
  size: 30558697
  timestamp: 1765403965584
- conda: https://conda.anaconda.org/conda-forge/osx-arm64/gh-2.83.2-h4e0460a_0.conda
  sha256: 9517caa29689df0321bd584820bf1cb94973ecf9a48728f679fe1d3d28723132
  md5: ba0befa42b2ce54db4042fb0621ac5c2
  depends:
  - __osx >=11.0
  license: Apache-2.0
  license_family: APACHE
  size: 28871782
  timestamp: 1765404135957
- conda: https://conda.anaconda.org/conda-forge/win-64/gh-2.83.2-h36e2d1d_0.conda
  sha256: 592867e64c7d37b1059f8d3539b5db5a1f0208bd3dcfbba6baf07814d58af722
  md5: bf40b4e4d417a4fab0580dd65be67963
  depends:
  - ucrt >=10.0.20348.0
  - vc >=14.3,<15
  - vc14_runtime >=14.44.35208
  license: Apache-2.0
  license_family: APACHE
  size: 29371011
  timestamp: 1765404245345
- conda: https://conda.anaconda.org/conda-forge/linux-64/go-1.25.5-h282a287_0.conda
  sha256: 86dca7d01e270023c02bd000a3388b4eeca7027b969434505b4a1f603edcc5b1
  md5: 83ec6b408393bc7c09c9ca51cb1217a2
  depends:
  - __glibc >=2.17,<3.0.a0
  - _go_select 2.3.0 cgo
  - libgcc >=14
  - libgfortran
  - libgfortran5 >=14.3.0
  - libstdcxx >=14
  constrains:
  - gcc_linux-64 14.*
  - gxx_linux-64 14.*
  - gfortran_linux-64 14.*
  license: BSD-3-Clause
  license_family: BSD
  size: 48356517
  timestamp: 1764700927354
- conda: https://conda.anaconda.org/conda-forge/osx-64/go-1.25.5-h8227ba6_0.conda
  sha256: 88424154ae9efc7a7f8d094a494314b6fc26f190d1e9d6f142909d03a374a4d9
  md5: 42f5719c51e6d4896fe532bd67f79447
  depends:
  - __osx >=12.3
  - _go_select 2.3.0 cgo
  - libcxx >=19
  - libgfortran
  - libgfortran5 >=14.3.0
  constrains:
  - gfortran_osx-64 14.*
  - clang_osx-64 19.*
  - clangxx_osx-64 19.*
  license: BSD-3-Clause
  license_family: BSD
  size: 48554344
  timestamp: 1764701067089
- conda: https://conda.anaconda.org/conda-forge/osx-arm64/go-1.25.5-h56ed88c_0.conda
  sha256: 0c7c644b5337ed9f0305107abdb53d2c9c4ed27be90ca6d40dacc2372cefc6f9
  md5: acd52f6bc1a5a7701967ce79925febdb
  depends:
  - __osx >=12.3
  - _go_select 2.3.0 cgo
  - libcxx >=19
  - libgfortran
  - libgfortran5 >=14.3.0
  constrains:
  - clangxx_osx-arm64 19.*
  - gfortran_osx-arm64 14.*
  - clang_osx-arm64 19.*
  license: BSD-3-Clause
  license_family: BSD
  size: 69113213
  timestamp: 1764700976843
- conda: https://conda.anaconda.org/conda-forge/win-64/go-1.25.5-h59133dd_0.conda
  sha256: ef2849a246172a16ea20ab8d1144d714f21b2e690475a0d4d533bbb1e74ee693
  md5: 4f699c27c6b6df668416324d46b40e8a
  depends:
  - _go_select 2.3.0 cgo
  - libgcc >=14
  - libgfortran
  - libgfortran5 >=14.3.0
  - libstdcxx >=14
  - libwinpthread >=12.0.0.r4.gg4f2fc60ca
  - ucrt >=10.0.20348.0
  constrains:
  - gfortran_win-64 14.*
  - gcc_win-64 14.*
  - gxx_win-64 14.*
  license: BSD-3-Clause
  license_family: BSD
  size: 49328799
  timestamp: 1764701151863
- conda: https://prefix.dev/brads-forge/linux-64/lefthook-2.0.12-h81b34b9_2.conda
  sha256: 11ab75be7cd5b0fb3c0c482c4b531c0eea04ff9ab1b1e727a060a2f66bdecb0c
  license: MIT
  size: 5530883
  timestamp: 1765858214682
- conda: https://prefix.dev/brads-forge/osx-64/lefthook-2.0.11-he0f4bc8_2.conda
  sha256: 3fd52591e5a94b8dd702c3c3d4d29812559c41a76f2d5c562e9b85cd742c7d8c
  license: MIT
  size: 5659969
  timestamp: 1765598393710
- conda: https://prefix.dev/brads-forge/osx-arm64/lefthook-2.0.12-he8ea13f_2.conda
  sha256: fa14b8d356082cd86c23d5943ac97336ca84e2d1c2eabf57f099a695e11d948b
  license: MIT
  size: 5202767
  timestamp: 1765858196552
- conda: https://prefix.dev/brads-forge/win-64/lefthook-2.0.12-h3c70cbc_2.conda
  sha256: 915024fb7047452f0cfe5dc653f75422771b212d02ce31a0daf880fdd93ad7e4
  license: MIT
  size: 5687552
  timestamp: 1765858221724
- conda: https://conda.anaconda.org/conda-forge/osx-64/libcxx-21.1.7-h3d58e20_0.conda
  sha256: 0ac1b1d1072a14fe8fd3a871c8ca0b411f0fdf30de70e5c95365a149bd923ac8
  md5: 67c086bf0efc67b54a235dd9184bd7a2
  depends:
  - __osx >=10.13
  license: Apache-2.0 WITH LLVM-exception
  license_family: Apache
  size: 571564
  timestamp: 1764676139160
- conda: https://conda.anaconda.org/conda-forge/osx-arm64/libcxx-21.1.7-hf598326_0.conda
  sha256: 4bdbef0241b52e7a8552e8af7425f0b56d5621dd69df46c816546fefa17d77ab
  md5: 0de94f39727c31c0447e408c5a210a56
  depends:
  - __osx >=11.0
  license: Apache-2.0 WITH LLVM-exception
  license_family: Apache
  size: 568715
  timestamp: 1764676451068
- conda: https://conda.anaconda.org/conda-forge/linux-64/libgcc-15.2.0-he0feb66_16.conda
  sha256: 6eed58051c2e12b804d53ceff5994a350c61baf117ec83f5f10c953a3f311451
  md5: 6d0363467e6ed84f11435eb309f2ff06
  depends:
  - __glibc >=2.17,<3.0.a0
  - _openmp_mutex >=4.5
  constrains:
  - libgcc-ng ==15.2.0=*_16
  - libgomp 15.2.0 he0feb66_16
  license: GPL-3.0-only WITH GCC-exception-3.1
  license_family: GPL
  size: 1042798
  timestamp: 1765256792743
- conda: https://conda.anaconda.org/conda-forge/osx-64/libgcc-15.2.0-h08519bb_15.conda
  sha256: e04b115ae32f8cbf95905971856ff557b296511735f4e1587b88abf519ff6fb8
  md5: c816665789d1e47cdfd6da8a81e1af64
  depends:
  - _openmp_mutex
  constrains:
  - libgomp 15.2.0 15
  - libgcc-ng ==15.2.0=*_15
  license: GPL-3.0-only WITH GCC-exception-3.1
  license_family: GPL
  size: 422960
  timestamp: 1764839601296
- conda: https://conda.anaconda.org/conda-forge/osx-arm64/libgcc-15.2.0-hcbb3090_16.conda
  sha256: 646c91dbc422fe92a5f8a3a5409c9aac66549f4ce8f8d1cab7c2aa5db789bb69
  md5: 8b216bac0de7a9d60f3ddeba2515545c
  depends:
  - _openmp_mutex
  constrains:
  - libgcc-ng ==15.2.0=*_16
  - libgomp 15.2.0 16
  license: GPL-3.0-only WITH GCC-exception-3.1
  license_family: GPL
  size: 402197
  timestamp: 1765258985740
- conda: https://conda.anaconda.org/conda-forge/win-64/libgcc-15.2.0-h8ee18e1_16.conda
  sha256: 24984e1e768440ba73021f08a1da0c1ec957b30d7071b9a89b877a273d17cae8
  md5: 1edb8bd8e093ebd31558008e9cb23b47
  depends:
  - _openmp_mutex >=4.5
  - libwinpthread >=12.0.0.r4.gg4f2fc60ca
  constrains:
  - libgomp 15.2.0 h8ee18e1_16
  - libgcc-ng ==15.2.0=*_16
  - msys2-conda-epoch <0.0a0
  license: GPL-3.0-only WITH GCC-exception-3.1
  license_family: GPL
  size: 819696
  timestamp: 1765260437409
- conda: https://conda.anaconda.org/conda-forge/linux-64/libgfortran-15.2.0-h69a702a_16.conda
  sha256: 8a7b01e1ee1c462ad243524d76099e7174ebdd94ff045fe3e9b1e58db196463b
  md5: 40d9b534410403c821ff64f00d0adc22
  depends:
  - libgfortran5 15.2.0 h68bc16d_16
  constrains:
  - libgfortran-ng ==15.2.0=*_16
  license: GPL-3.0-only WITH GCC-exception-3.1
  license_family: GPL
  size: 27215
  timestamp: 1765256845586
- conda: https://conda.anaconda.org/conda-forge/osx-64/libgfortran-15.2.0-h7e5c614_15.conda
  sha256: 7bb4d51348e8f7c1a565df95f4fc2a2021229d42300aab8366eda0ea1af90587
  md5: a089323fefeeaba2ae60e1ccebf86ddc
  depends:
  - libgfortran5 15.2.0 hd16e46c_15
  constrains:
  - libgfortran-ng ==15.2.0=*_15
  license: GPL-3.0-only WITH GCC-exception-3.1
  license_family: GPL
  size: 139002
  timestamp: 1764839892631
- conda: https://conda.anaconda.org/conda-forge/osx-arm64/libgfortran-15.2.0-h07b0088_16.conda
  sha256: 68a6c1384d209f8654112c4c57c68c540540dd8e09e17dd1facf6cf3467798b5
  md5: 11e09edf0dde4c288508501fe621bab4
  depends:
  - libgfortran5 15.2.0 hdae7583_16
  constrains:
  - libgfortran-ng ==15.2.0=*_16
  license: GPL-3.0-only WITH GCC-exception-3.1
  license_family: GPL
  size: 138630
  timestamp: 1765259217400
- conda: https://conda.anaconda.org/conda-forge/win-64/libgfortran-15.2.0-h719f0c7_16.conda
  sha256: 88b1a14435c4252657dd0173e95cb1d6e5251e44bfc19b85fcc7ea690ca5c88c
  md5: 15a5c996dd00931cc1da361fd04c1e22
  depends:
  - libgfortran5 15.2.0 h44d81a7_16
  constrains:
  - libgfortran-ng ==15.2.0=*_16
  license: GPL-3.0-only WITH GCC-exception-3.1
  license_family: GPL
  size: 50648
  timestamp: 1765260658211
- conda: https://conda.anaconda.org/conda-forge/linux-64/libgfortran5-15.2.0-h68bc16d_16.conda
  sha256: d0e974ebc937c67ae37f07a28edace978e01dc0f44ee02f29ab8a16004b8148b
  md5: 39183d4e0c05609fd65f130633194e37
  depends:
  - __glibc >=2.17,<3.0.a0
  - libgcc >=15.2.0
  constrains:
  - libgfortran 15.2.0
  license: GPL-3.0-only WITH GCC-exception-3.1
  license_family: GPL
  size: 2480559
  timestamp: 1765256819588
- conda: https://conda.anaconda.org/conda-forge/osx-64/libgfortran5-15.2.0-hd16e46c_15.conda
  sha256: 456385a7d3357d5fdfc8e11bf18dcdf71753c4016c440f92a2486057524dd59a
  md5: c2a6149bf7f82774a0118b9efef966dd
  depends:
  - libgcc >=15.2.0
  constrains:
  - libgfortran 15.2.0
  license: GPL-3.0-only WITH GCC-exception-3.1
  license_family: GPL
  size: 1061950
  timestamp: 1764839609607
- conda: https://conda.anaconda.org/conda-forge/osx-arm64/libgfortran5-15.2.0-hdae7583_16.conda
  sha256: 9fb7f4ff219e3fb5decbd0ee90a950f4078c90a86f5d8d61ca608c913062f9b0
  md5: 265a9d03461da24884ecc8eb58396d57
  depends:
  - libgcc >=15.2.0
  constrains:
  - libgfortran 15.2.0
  license: GPL-3.0-only WITH GCC-exception-3.1
  license_family: GPL
  size: 598291
  timestamp: 1765258993165
- conda: https://conda.anaconda.org/conda-forge/win-64/libgfortran5-15.2.0-h44d81a7_16.conda
  sha256: f7a411d0f08c5ce309a75a6c34649d14df25c8f40b875b9f2cef3e13a111c827
  md5: bdad99bd951227c33aea83249e239020
  depends:
  - libgcc >=15.2.0
  - libwinpthread >=12.0.0.r4.gg4f2fc60ca
  constrains:
  - libgfortran 15.2.0
  license: GPL-3.0-only WITH GCC-exception-3.1
  license_family: GPL
  size: 2790907
  timestamp: 1765260451700
- conda: https://conda.anaconda.org/conda-forge/linux-64/libgomp-15.2.0-he0feb66_16.conda
  sha256: 5b3e5e4e9270ecfcd48f47e3a68f037f5ab0f529ccb223e8e5d5ac75a58fc687
  md5: 26c46f90d0e727e95c6c9498a33a09f3
  depends:
  - __glibc >=2.17,<3.0.a0
  license: GPL-3.0-only WITH GCC-exception-3.1
  license_family: GPL
  size: 603284
  timestamp: 1765256703881
- conda: https://conda.anaconda.org/conda-forge/win-64/libgomp-15.2.0-h8ee18e1_16.conda
  sha256: 9c86aadc1bd9740f2aca291da8052152c32dd1c617d5d4fd0f334214960649bb
  md5: ab8189163748f95d4cb18ea1952943c3
  depends:
  - libwinpthread >=12.0.0.r4.gg4f2fc60ca
  constrains:
  - msys2-conda-epoch <0.0a0
  license: GPL-3.0-only WITH GCC-exception-3.1
  license_family: GPL
  size: 663567
  timestamp: 1765260367147
- conda: https://conda.anaconda.org/conda-forge/linux-64/libstdcxx-15.2.0-h934c35e_16.conda
  sha256: 813427918316a00c904723f1dfc3da1bbc1974c5cfe1ed1e704c6f4e0798cbc6
  md5: 68f68355000ec3f1d6f26ea13e8f525f
  depends:
  - __glibc >=2.17,<3.0.a0
  - libgcc 15.2.0 he0feb66_16
  constrains:
  - libstdcxx-ng ==15.2.0=*_16
  license: GPL-3.0-only WITH GCC-exception-3.1
  license_family: GPL
  size: 5856456
  timestamp: 1765256838573
- conda: https://conda.anaconda.org/conda-forge/win-64/libstdcxx-15.2.0-hae5796f_16.conda
  sha256: 6d4b74aa2b668ea3927615055ff7557c50628f073a00a504d3fbedbb6eccca43
  md5: 7ca89b8b412282e8b8b644f55056279e
  depends:
  - libgcc 15.2.0 h8ee18e1_16
  - libwinpthread >=12.0.0.r4.gg4f2fc60ca
  constrains:
  - libstdcxx-ng ==15.2.0=*_16
  license: GPL-3.0-only WITH GCC-exception-3.1
  license_family: GPL
  size: 6461950
  timestamp: 1765260469617
- conda: https://conda.anaconda.org/conda-forge/win-64/libwinpthread-12.0.0.r4.gg4f2fc60ca-h57928b3_10.conda
  sha256: 0fccf2d17026255b6e10ace1f191d0a2a18f2d65088fd02430be17c701f8ffe0
  md5: 8a86073cf3b343b87d03f41790d8b4e5
  depends:
  - ucrt
  constrains:
  - pthreads-win32 <0.0a0
  - msys2-conda-epoch <0.0a0
  license: MIT AND BSD-3-Clause-Clear
  size: 36621
  timestamp: 1759768399557
- conda: https://conda.anaconda.org/conda-forge/osx-64/llvm-openmp-21.1.7-h472b3d1_0.conda
  sha256: 5ae51ca08ac19ce5504b8201820ba6387365662033f20af2150ae7949f3f308a
  md5: c9f0fc88c8f46637392b95bef78dc036
  depends:
  - __osx >=10.13
  constrains:
  - openmp 21.1.7|21.1.7.*
  - intel-openmp <0.0a0
  license: Apache-2.0 WITH LLVM-exception
  license_family: APACHE
  size: 311027
  timestamp: 1764721464764
- conda: https://conda.anaconda.org/conda-forge/osx-arm64/llvm-openmp-21.1.7-h4a912ad_0.conda
  sha256: 002695e79b0e4c2d117a8bd190ffd62ef3d74a4cae002afa580bd1f98f9560a3
  md5: 05d475f50ddcc2173a6beece9960c6cb
  depends:
  - __osx >=11.0
  constrains:
  - openmp 21.1.7|21.1.7.*
  - intel-openmp <0.0a0
  license: Apache-2.0 WITH LLVM-exception
  license_family: APACHE
  size: 286129
  timestamp: 1764721670250
- conda: https://conda.anaconda.org/conda-forge/linux-64/openssl-3.6.0-h26f9b46_0.conda
  sha256: a47271202f4518a484956968335b2521409c8173e123ab381e775c358c67fe6d
  md5: 9ee58d5c534af06558933af3c845a780
  depends:
  - __glibc >=2.17,<3.0.a0
  - ca-certificates
  - libgcc >=14
  license: Apache-2.0
  license_family: Apache
  size: 3165399
  timestamp: 1762839186699
- conda: https://conda.anaconda.org/conda-forge/osx-64/openssl-3.6.0-h230baf5_0.conda
  sha256: 36fe9fb316be22fcfb46d5fa3e2e85eec5ef84f908b7745f68f768917235b2d5
  md5: 3f50cdf9a97d0280655758b735781096
  depends:
  - __osx >=10.13
  - ca-certificates
  license: Apache-2.0
  license_family: Apache
  size: 2778996
  timestamp: 1762840724922
- conda: https://conda.anaconda.org/conda-forge/osx-arm64/openssl-3.6.0-h5503f6c_0.conda
  sha256: ebe93dafcc09e099782fe3907485d4e1671296bc14f8c383cb6f3dfebb773988
  md5: b34dc4172653c13dcf453862f251af2b
  depends:
  - __osx >=11.0
  - ca-certificates
  license: Apache-2.0
  license_family: Apache
  size: 3108371
  timestamp: 1762839712322
- conda: https://conda.anaconda.org/conda-forge/linux-64/pixi-pack-0.7.5-he64ecbb_0.conda
  sha256: 23b54418efaf3ab188f274f6cb8eed9d98121ad7af24ec2f2776d3a36fff1d34
  md5: a9fb6d99bbe519cfa57015601d131855
  depends:
  - __glibc >=2.17,<3.0.a0
  - libgcc >=14
  - openssl >=3.5.4,<4.0a0
  constrains:
  - __glibc >=2.17
  license: BSD-3-Clause
  license_family: BSD
  size: 4939543
  timestamp: 1763509560446
- conda: https://conda.anaconda.org/conda-forge/osx-64/pixi-pack-0.7.5-hc2f27db_0.conda
  sha256: 40c552b3c7ef5e7204e6b7bde13e38755137d006fde052e0621b555a3350cbaa
  md5: fd6f5bab9a5b54b33d559a5a361d9016
  depends:
  - __osx >=10.13
  - openssl >=3.5.4,<4.0a0
  constrains:
  - __osx >=10.13
  license: BSD-3-Clause
  license_family: BSD
  size: 4159273
  timestamp: 1763509702051
- conda: https://conda.anaconda.org/conda-forge/osx-arm64/pixi-pack-0.7.5-h9a5e2f5_0.conda
  sha256: f317b3939605f7f8d32d0ae13ae2f82bedb8cfb45964c41a4e52e1b568fa9160
  md5: 54d9fc62d0eacf08e12e9b3f813d36ad
  depends:
  - __osx >=11.0
  - openssl >=3.5.4,<4.0a0
  constrains:
  - __osx >=11.0
  license: BSD-3-Clause
  license_family: BSD
  size: 4156302
  timestamp: 1763509674374
- conda: https://conda.anaconda.org/conda-forge/win-64/pixi-pack-0.7.5-h18a1a76_0.conda
  sha256: 668735d240a3777b0458440db904926fcfbb5b3a287554f4489cad7c3684d073
  md5: 50ac2da24f548f96696e1a79a2297f7a
  depends:
  - vc >=14.3,<15
  - vc14_runtime >=14.44.35208
  - ucrt >=10.0.20348.0
  - vc >=14.3,<15
  - vc14_runtime >=14.44.35208
  - ucrt >=10.0.20348.0
  license: BSD-3-Clause
  license_family: BSD
  size: 4232883
  timestamp: 1763509582571
- conda: https://prefix.dev/brads-forge/linux-64/task-3.45.5-h81b34b9_2.conda
  sha256: b45c3420456afc70d293b31c9aaeba2f9f93da9fc1ccec0ac86c5b94c59e2e12
  license: MIT
  size: 6723159
  timestamp: 1762919802998
- conda: https://prefix.dev/brads-forge/osx-64/task-3.45.5-he0f4bc8_2.conda
  sha256: 8c239f3622dd65e747a93ad08994259a48cea1605b71002ee3de10937b3ed278
  license: MIT
  size: 6887058
  timestamp: 1762919856127
- conda: https://prefix.dev/brads-forge/osx-arm64/task-3.45.5-he8ea13f_2.conda
  sha256: 8ee32eee89b542fe9fc33bcbc4118b98b7b2bf44f933a50a4746ae17f78acef5
  license: MIT
  size: 6368034
  timestamp: 1762919763030
- conda: https://prefix.dev/brads-forge/win-64/task-3.45.5-h3c70cbc_2.conda
  sha256: e0f037fcaec82b289c88f097a5d8518b50a852678ab3f062e34185f94eae0af1
  license: MIT
  size: 6925629
  timestamp: 1762919772873
- conda: https://conda.anaconda.org/conda-forge/win-64/ucrt-10.0.26100.0-h57928b3_0.conda
  sha256: 3005729dce6f3d3f5ec91dfc49fc75a0095f9cd23bab49efb899657297ac91a5
  md5: 71b24316859acd00bdb8b38f5e2ce328
  constrains:
  - vc14_runtime >=14.29.30037
  - vs2015_runtime >=14.29.30037
  license: LicenseRef-MicrosoftWindowsSDK10
  size: 694692
  timestamp: 1756385147981
- conda: https://conda.anaconda.org/conda-forge/win-64/vc-14.3-h2b53caa_33.conda
  sha256: 7036945b5fff304064108c22cbc1bb30e7536363782b0456681ee6cf209138bd
  md5: 2d1c042360c09498891809a3765261be
  depends:
  - vc14_runtime >=14.42.34433
  track_features:
  - vc14
  license: BSD-3-Clause
  license_family: BSD
  size: 19070
  timestamp: 1765216452130
- conda: https://conda.anaconda.org/conda-forge/win-64/vc14_runtime-14.44.35208-h818238b_33.conda
  sha256: 7e8f7da25d7ce975bbe7d7e6d6e899bf1f253e524a3427cc135a79f3a79c457c
  md5: fb8e4914c5ad1c71b3c519621e1df7b8
  depends:
  - ucrt >=10.0.20348.0
  - vcomp14 14.44.35208 h818238b_33
  constrains:
  - vs2015_runtime 14.44.35208.* *_33
  license: LicenseRef-MicrosoftVisualCpp2015-2022Runtime
  license_family: Proprietary
  size: 684323
  timestamp: 1765216366832
- conda: https://conda.anaconda.org/conda-forge/win-64/vcomp14-14.44.35208-h818238b_33.conda
  sha256: f79edd878094e86af2b2bc1455b0a81e02839a784fb093d5996ad4cf7b810101
  md5: 4cb6942b4bd846e51b4849f4a93c7e6d
  depends:
  - ucrt >=10.0.20348.0
  constrains:
  - vs2015_runtime 14.44.35208.* *_33
  license: LicenseRef-MicrosoftVisualCpp2015-2022Runtime
  license_family: Proprietary
  size: 115073
  timestamp: 1765216325898
